
Microsoft Visual Studio Solution File, Format Version 12.00
# Visual Studio Version 17
VisualStudioVersion = 17.2.32630.192
MinimumVisualStudioVersion = 10.0.40219.1
Project("{9A19103F-16F7-4668-BE54-9A1E7A4F7556}") = "weatherapi", "weatherapi\weatherapi.csproj", "{91D63FF0-0D54-43B8-A9E3-0476DE32B8B0}"
EndProject
Project("{9A19103F-16F7-4668-BE54-9A1E7A4F7556}") = "MoviesAPI", "..\..\..\Desktop\API-Gateway-Envoy-master\MoviesAPI\MoviesAPI.csproj", "{A5D24C38-8E1A-409C-844D-7973F794E56E}"
EndProject
Global
	GlobalSection(SolutionConfigurationPlatforms) = preSolution
		Debug|Any CPU = Debug|Any CPU
		Release|Any CPU = Release|Any CPU
	EndGlobalSection
	GlobalSection(ProjectConfigurationPlatforms) = postSolution
		{91D63FF0-0D54-43B8-A9E3-0476DE32B8B0}.Debug|Any CPU.ActiveCfg = Debug|Any CPU
		{91D63FF0-0D54-43B8-A9E3-0476DE32B8B0}.Debug|Any CPU.Build.0 = Debug|Any CPU
		{91D63FF0-0D54-43B8-A9E3-0476DE32B8B0}.Release|Any CPU.ActiveCfg = Release|Any CPU
		{91D63FF0-0D54-43B8-A9E3-0476DE32B8B0}.Release|Any CPU.Build.0 = Release|Any CPU
		{A5D24C38-8E1A-409C-844D-7973F794E56E}.Debug|Any CPU.ActiveCfg = Debug|Any CPU
		{A5D24C38-8E1A-409C-844D-7973F794E56E}.Debug|Any CPU.Build.0 = Debug|Any CPU
		{A5D24C38-8E1A-409C-844D-7973F794E56E}.Release|Any CPU.ActiveCfg = Release|Any CPU
		{A5D24C38-8E1A-409C-844D-7973F794E56E}.Release|Any CPU.Build.0 = Release|Any CPU
	EndGlobalSection
	GlobalSection(SolutionProperties) = preSolution
		HideSolutionNode = FALSE
	EndGlobalSection
	GlobalSection(ExtensibilityGlobals) = postSolution
		SolutionGuid = {09CC2C84-BEB1-4162-9EF4-4142CFD68660}
	EndGlobalSection
EndGlobal
